
Microsoft Visual Studio Solution File, Format Version 12.00
# Visual Studio Version 17
VisualStudioVersion = 17.8.34330.188
MinimumVisualStudioVersion = 10.0.40219.1
Project("{FAE04EC0-301F-11D3-BF4B-00C04F79EFBC}") = "diplomen proekt", "diplomen proekt\diplomen proekt.csproj", "{4CFAB1DB-7809-4DD1-BA0E-17BF8344BCCC}"
EndProject
Global
	GlobalSection(SolutionConfigurationPlatforms) = preSolution
		Debug|Any CPU = Debug|Any CPU
		Release|Any CPU = Release|Any CPU
	EndGlobalSection
	GlobalSection(ProjectConfigurationPlatforms) = postSolution
		{4CFAB1DB-7809-4DD1-BA0E-17BF8344BCCC}.Debug|Any CPU.ActiveCfg = Debug|Any CPU
		{4CFAB1DB-7809-4DD1-BA0E-17BF8344BCCC}.Debug|Any CPU.Build.0 = Debug|Any CPU
		{4CFAB1DB-7809-4DD1-BA0E-17BF8344BCCC}.Release|Any CPU.ActiveCfg = Release|Any CPU
		{4CFAB1DB-7809-4DD1-BA0E-17BF8344BCCC}.Release|Any CPU.Build.0 = Release|Any CPU
	EndGlobalSection
	GlobalSection(SolutionProperties) = preSolution
		HideSolutionNode = FALSE
	EndGlobalSection
	GlobalSection(ExtensibilityGlobals) = postSolution
		SolutionGuid = {41BBBD99-BAE9-4213-9FDB-9B4C1159C129}
	EndGlobalSection
EndGlobal
